cschlosser.doxdocgen@1.4.0
eamodio.gitlens@17.8.1
github.copilot@1.388.0
github.copilot-chat@0.35.2
github.vscode-pull-request-github@0.126.0
mechatroner.rainbow-csv@3.24.0
ms-python.debugpy@2025.18.0
ms-python.python@2026.0.0
ms-python.vscode-pylance@2025.10.4
ms-python.vscode-python-envs@1.16.0
ms-sarifvscode.sarif-viewer@3.4.5
ms-toolsai.jupyter@2025.9.1
ms-toolsai.jupyter-keymap@1.1.2
ms-toolsai.jupyter-renderers@1.3.0
ms-toolsai.vscode-jupyter-cell-tags@0.1.9
ms-toolsai.vscode-jupyter-slideshow@0.1.6
ms-vscode.cmake-tools@1.21.36
ms-vscode.cpptools@1.29.3
ms-vscode.cpptools-extension-pack@1.3.1
ms-vscode.cpptools-themes@2.0.0
ms-vscode.makefile-tools@0.12.17
ritwickdey.liveserver@5.7.9
